
Microsoft Visual Studio Solution File, Format Version 12.00
# Visual Studio 15
Project("{FAE04EC0-301F-11D3-BF4B-00C04F79EFBC}") = "SimpleCMS", "SimpleCMS\SimpleCMS.csproj", "{2BB2361A-C2FB-4788-933E-A06C3E25C9CB}"
EndProject
Global
	GlobalSection(SolutionConfigurationPlatforms) = preSolution
		Debug|Any CPU = Debug|Any CPU
		Release|Any CPU = Release|Any CPU
	EndGlobalSection
	GlobalSection(ProjectConfigurationPlatforms) = postSolution
		{2BB2361A-C2FB-4788-933E-A06C3E25C9CB}.Debug|Any CPU.ActiveCfg = Debug|Any CPU
		{2BB2361A-C2FB-4788-933E-A06C3E25C9CB}.Debug|Any CPU.Build.0 = Debug|Any CPU
		{2BB2361A-C2FB-4788-933E-A06C3E25C9CB}.Release|Any CPU.ActiveCfg = Release|Any CPU
		{2BB2361A-C2FB-4788-933E-A06C3E25C9CB}.Release|Any CPU.Build.0 = Release|Any CPU
	EndGlobalSection
EndGlobal
